{
  "pins" : [
    {
      "identity" : "edelkroneapi",
      "kind" : "remoteSourceControl",
      "location" : "https://github.com/Spirou42/edelkroneAPI.git",
      "state" : {
        "branch" : "main",
        "revision" : "75f4f465d44c0cd78d57d1076387d5a5fe9729d3"
      }
    },
    {
      "identity" : "extensions",
      "kind" : "remoteSourceControl",
      "location" : "https://github.com/Spirou42/Extensions.git",
      "state" : {
        "branch" : "main",
        "revision" : "ef6c3218d97b040dfd3274812523776607005812"
      }
    }
  ],
  "version" : 2
}
